PODS:
  - AzureCore (0.5.0):
    - KeychainAccess (~> 3.2)
    - Willow (~> 5.2)
  - AzureData (0.5.0):
    - AzureCore (= 0.5.0)
  - KeychainAccess (3.2.1)
  - Willow (5.2.1)

DEPENDENCIES:
  - AzureCore
  - AzureData

SPEC REPOS:
  trunk:
    - AzureCore
    - AzureData
    - KeychainAccess
    - Willow

SPEC CHECKSUMS:
  AzureCore: 9f6c42e03d59a13b508bff356a85cd9438b654fb
  AzureData: d202e8893f3c591f2812653a7744ea7457d58491
  KeychainAccess: d5470352939ced6d6f7fb51cb2e67aae51fc294f
  Willow: a6310f9aedcb6f4de8c35b94fd3416a660ae9280

PODFILE CHECKSUM: 09e42764cb8778ba0a8e181a95744572539688e2

COCOAPODS: 1.14.3
