// !$*UTF8*$!
{
	archiveVersion = 1;
	classes = {
	};
	objectVersion = 56;
	objects = {

/* Begin PBXBuildFile section */
		136F32A1946E222FB1D334C0 /* Pods_MISforEdu.framework in Frameworks */ = {isa = PBXBuildFile; fileRef = C600ADD501D55DB17983DCF4 /* Pods_MISforEdu.framework */; };
		3206A4062B56A31500E35D90 /* AppDelegate.swift in Sources */ = {isa = PBXBuildFile; fileRef = 3206A4052B56A31400E35D90 /* AppDelegate.swift */; };
		320DDC262B58EE8B0077E50B /* GradeManageView.swift in Sources */ = {isa = PBXBuildFile; fileRef = 320DDC252B58EE8B0077E50B /* GradeManageView.swift */; };
		320DDC2A2B58EF250077E50B /* AttendLectureView.swift in Sources */ = {isa = PBXBuildFile; fileRef = 320DDC292B58EF250077E50B /* AttendLectureView.swift */; };
		320DDC2E2B58EF490077E50B /* SchoolManageView.swift in Sources */ = {isa = PBXBuildFile; fileRef = 320DDC2D2B58EF490077E50B /* SchoolManageView.swift */; };
		320DDC302B58EF700077E50B /* AttendManageView.swift in Sources */ = {isa = PBXBuildFile; fileRef = 320DDC2F2B58EF700077E50B /* AttendManageView.swift */; };
		320DDC322B58EFD40077E50B /* GradeCheckView.swift in Sources */ = {isa = PBXBuildFile; fileRef = 320DDC312B58EFD40077E50B /* GradeCheckView.swift */; };
		320DDC342B58F0A60077E50B /* InstructManageView.swift in Sources */ = {isa = PBXBuildFile; fileRef = 320DDC332B58F0A60077E50B /* InstructManageView.swift */; };
		320DDC362B58F0DE0077E50B /* ClassManageView.swift in Sources */ = {isa = PBXBuildFile; fileRef = 320DDC352B58F0DE0077E50B /* ClassManageView.swift */; };
		320DDC382B58F1F20077E50B /* AttendView.swift in Sources */ = {isa = PBXBuildFile; fileRef = 320DDC372B58F1F20077E50B /* AttendView.swift */; };
		320DDC3A2B58F2860077E50B /* PersonCheckView.swift in Sources */ = {isa = PBXBuildFile; fileRef = 320DDC392B58F2860077E50B /* PersonCheckView.swift */; };
		320DDC412B592E060077E50B /* ClassTimeSheet.swift in Sources */ = {isa = PBXBuildFile; fileRef = 320DDC402B592E060077E50B /* ClassTimeSheet.swift */; };
		320DDC452B5937300077E50B /* Filter.swift in Sources */ = {isa = PBXBuildFile; fileRef = 320DDC442B5937300077E50B /* Filter.swift */; };
		320DDC492B5963FC0077E50B /* CriticSheet.swift in Sources */ = {isa = PBXBuildFile; fileRef = 320DDC482B5963FC0077E50B /* CriticSheet.swift */; };
		3234BF282B7B1A1200E24DF3 /* Interface.swift in Sources */ = {isa = PBXBuildFile; fileRef = 3234BF242B7B1A1100E24DF3 /* Interface.swift */; };
		3234BF292B7B1A1200E24DF3 /* Behaviorgroup.swift in Sources */ = {isa = PBXBuildFile; fileRef = 3234BF252B7B1A1200E24DF3 /* Behaviorgroup.swift */; };
		3234BF2A2B7B1A1200E24DF3 /* Lecturegroup.swift in Sources */ = {isa = PBXBuildFile; fileRef = 3234BF262B7B1A1200E24DF3 /* Lecturegroup.swift */; };
		3234BF2B2B7B1A1200E24DF3 /* Usergroup.swift in Sources */ = {isa = PBXBuildFile; fileRef = 3234BF272B7B1A1200E24DF3 /* Usergroup.swift */; };
		3234BF2D2B7B1A3400E24DF3 /* GlobalDefinition.swift in Sources */ = {isa = PBXBuildFile; fileRef = 3234BF2C2B7B1A3400E24DF3 /* GlobalDefinition.swift */; };
		324A3A522B564E2D0026BB79 /* MISforEduApp.swift in Sources */ = {isa = PBXBuildFile; fileRef = 324A3A512B564E2D0026BB79 /* MISforEduApp.swift */; };
		324A3A5A2B564E2F0026BB79 /* Preview Assets.xcassets in Resources */ = {isa = PBXBuildFile; fileRef = 324A3A592B564E2F0026BB79 /* Preview Assets.xcassets */; };
		324A3A642B564E2F0026BB79 /* MISforEduTests.swift in Sources */ = {isa = PBXBuildFile; fileRef = 324A3A632B564E2F0026BB79 /* MISforEduTests.swift */; };
		324A3A6E2B564E2F0026BB79 /* MISforEduUITests.swift in Sources */ = {isa = PBXBuildFile; fileRef = 324A3A6D2B564E2F0026BB79 /* MISforEduUITests.swift */; };
		324A3A702B564E2F0026BB79 /* MISforEduUITestsLaunchTests.swift in Sources */ = {isa = PBXBuildFile; fileRef = 324A3A6F2B564E2F0026BB79 /* MISforEduUITestsLaunchTests.swift */; };
		324A3A802B56526B0026BB79 /* Assets.xcassets in Resources */ = {isa = PBXBuildFile; fileRef = 324A3A7F2B56526A0026BB79 /* Assets.xcassets */; };
		324A3A862B565F890026BB79 /* DataDict_stu.swift in Sources */ = {isa = PBXBuildFile; fileRef = 324A3A852B565F890026BB79 /* DataDict_stu.swift */; };
		3269ECEC2B83B425009A6AD7 /* example.swift in Sources */ = {isa = PBXBuildFile; fileRef = 3269ECEA2B83B425009A6AD7 /* example.swift */; };
		326BE8532B58D1EC00CD3911 /* AccountManageView.swift in Sources */ = {isa = PBXBuildFile; fileRef = 326BE8522B58D1EC00CD3911 /* AccountManageView.swift */; };
		326BE8552B58D20C00CD3911 /* SyllabusView.swift in Sources */ = {isa = PBXBuildFile; fileRef = 326BE8542B58D20C00CD3911 /* SyllabusView.swift */; };
		326BE8572B58D27100CD3911 /* CriticCheckView.swift in Sources */ = {isa = PBXBuildFile; fileRef = 326BE8562B58D27100CD3911 /* CriticCheckView.swift */; };
		326BE8592B58D48400CD3911 /* CriticManageView.swift in Sources */ = {isa = PBXBuildFile; fileRef = 326BE8582B58D48400CD3911 /* CriticManageView.swift */; };
		326BE85C2B58D4EE00CD3911 /* DataInputInterface.swift in Sources */ = {isa = PBXBuildFile; fileRef = 326BE85B2B58D4EE00CD3911 /* DataInputInterface.swift */; };
		327042872B58128300A8750C /* AccountView.swift in Sources */ = {isa = PBXBuildFile; fileRef = 327042862B58128300A8750C /* AccountView.swift */; };
		327042902B58B96300A8750C /* LoginView.swift in Sources */ = {isa = PBXBuildFile; fileRef = 3270428F2B58B96300A8750C /* LoginView.swift */; };
		3296FBE62B79FA0F0083FBC2 /* Interface_sql_server.cpp in Sources */ = {isa = PBXBuildFile; fileRef = 3296FBE42B79FA0F0083FBC2 /* Interface_sql_server.cpp */; };
		32A0B7472B77809F00CB3E76 /* BackButton.swift in Sources */ = {isa = PBXBuildFile; fileRef = 32A0B7462B77809F00CB3E76 /* BackButton.swift */; };
		32A0B7492B77C02400CB3E76 /* ClassTableSheets.swift in Sources */ = {isa = PBXBuildFile; fileRef = 32A0B7482B77C02400CB3E76 /* ClassTableSheets.swift */; };
		32B420642B5A8E500029046D /* CampusView.swift in Sources */ = {isa = PBXBuildFile; fileRef = 32B420632B5A8E500029046D /* CampusView.swift */; };
		32B420662B5A93CD0029046D /* FilterBar.swift in Sources */ = {isa = PBXBuildFile; fileRef = 32B420652B5A93CD0029046D /* FilterBar.swift */; };
		32B420682B5A94160029046D /* FilterInfo.swift in Sources */ = {isa = PBXBuildFile; fileRef = 32B420672B5A94160029046D /* FilterInfo.swift */; };
		32B4206A2B5A960E0029046D /* FilterInterpre.swift in Sources */ = {isa = PBXBuildFile; fileRef = 32B420692B5A960E0029046D /* FilterInterpre.swift */; };
		32CDDDCC2B59FDCB00931E9D /* Loading.swift in Sources */ = {isa = PBXBuildFile; fileRef = 32CDDDCB2B59FDCB00931E9D /* Loading.swift */; };
		32CDDDCE2B5A03B300931E9D /* AttendSheet.swift in Sources */ = {isa = PBXBuildFile; fileRef = 32CDDDCD2B5A03B300931E9D /* AttendSheet.swift */; };
		32CDDDD02B5A042E00931E9D /* CheckboxButton.swift in Sources */ = {isa = PBXBuildFile; fileRef = 32CDDDCF2B5A042E00931E9D /* CheckboxButton.swift */; };
		32CDDDD22B5A07F300931E9D /* GradeSheet.swift in Sources */ = {isa = PBXBuildFile; fileRef = 32CDDDD12B5A07F300931E9D /* GradeSheet.swift */; };
		32CDDDD42B5A341900931E9D /* GradeEdit.swift in Sources */ = {isa = PBXBuildFile; fileRef = 32CDDDD32B5A341900931E9D /* GradeEdit.swift */; };
		32CDDDD62B5A480100931E9D /* ClassRoomSheet.swift in Sources */ = {isa = PBXBuildFile; fileRef = 32CDDDD52B5A480100931E9D /* ClassRoomSheet.swift */; };
		32CDDDD82B5A4B2F00931E9D /* CampusGuide.swift in Sources */ = {isa = PBXBuildFile; fileRef = 32CDDDD72B5A4B2F00931E9D /* CampusGuide.swift */; };
		32F6236A2B84740D003267CA /* CardView.swift in Sources */ = {isa = PBXBuildFile; fileRef = 32F623692B84740D003267CA /* CardView.swift */; };
		4B553705BA443EC9DA83ADFE /* Pods_MISforEdu_MISforEduUITests.framework in Frameworks */ = {isa = PBXBuildFile; fileRef = C22E230D593C4B5C8A3ED6E6 /* Pods_MISforEdu_MISforEduUITests.framework */; };
		D88DD4AFC4618CF856D746D0 /* Pods_MISforEduTests.framework in Frameworks */ = {isa = PBXBuildFile; fileRef = AA2C960E9BA8420FAFD1801A /* Pods_MISforEduTests.framework */; };
/* End PBXBuildFile section */

/* Begin PBXContainerItemProxy section */
		324A3A602B564E2F0026BB79 /* PBXContainerItemProxy */ = {
			isa = PBXContainerItemProxy;
			containerPortal = 324A3A462B564E2D0026BB79 /* Project object */;
			proxyType = 1;
			remoteGlobalIDString = 324A3A4D2B564E2D0026BB79;
			remoteInfo = MISforEdu;
		};
		324A3A6A2B564E2F0026BB79 /* PBXContainerItemProxy */ = {
			isa = PBXContainerItemProxy;
			containerPortal = 324A3A462B564E2D0026BB79 /* Project object */;
			proxyType = 1;
			remoteGlobalIDString = 324A3A4D2B564E2D0026BB79;
			remoteInfo = MISforEdu;
		};
/* End PBXContainerItemProxy section */

/* Begin PBXFileReference section */
		03C1F0B5155F1495688BB6A3 /* Pods-MISforEdu-MISforEduUITests.debug.xcconfig */ = {isa = PBXFileReference; includeInIndex = 1; lastKnownFileType = text.xcconfig; name = "Pods-MISforEdu-MISforEduUITests.debug.xcconfig"; path = "Target Support Files/Pods-MISforEdu-MISforEduUITests/Pods-MISforEdu-MISforEduUITests.debug.xcconfig"; sourceTree = "<group>"; };
		188914FB6CD30B261B9B3802 /* Pods-MISforEduTests.release.xcconfig */ = {isa = PBXFileReference; includeInIndex = 1; lastKnownFileType = text.xcconfig; name = "Pods-MISforEduTests.release.xcconfig"; path = "Target Support Files/Pods-MISforEduTests/Pods-MISforEduTests.release.xcconfig"; sourceTree = "<group>"; };
		3206A4052B56A31400E35D90 /* AppDelegate.swift */ = {isa = PBXFileReference; lastKnownFileType = sourcecode.swift; path = AppDelegate.swift; sourceTree = "<group>"; };
		320DDC0F2B58EA2F0077E50B /* Python3.framework */ = {isa = PBXFileReference; lastKnownFileType = wrapper.framework; name = Python3.framework; path = Library/Frameworks/Python3.framework; sourceTree = DEVELOPER_DIR; };
		320DDC152B58EA580077E50B /* AzureCommunication.framework */ = {isa = PBXFileReference; explicitFileType = wrapper.framework; path = AzureCommunication.framework; sourceTree = BUILT_PRODUCTS_DIR; };
		320DDC182B58EA630077E50B /* AzureCommunicationChat.framework */ = {isa = PBXFileReference; explicitFileType = wrapper.framework; path = AzureCommunicationChat.framework; sourceTree = BUILT_PRODUCTS_DIR; };
		320DDC1B2B58EA660077E50B /* AzureCommunicationCommon.framework */ = {isa = PBXFileReference; explicitFileType = wrapper.framework; path = AzureCommunicationCommon.framework; sourceTree = BUILT_PRODUCTS_DIR; };
		320DDC1E2B58EA6A0077E50B /* AzureCore.framework */ = {isa = PBXFileReference; explicitFileType = wrapper.framework; path = AzureCore.framework; sourceTree = BUILT_PRODUCTS_DIR; };
		320DDC252B58EE8B0077E50B /* GradeManageView.swift */ = {isa = PBXFileReference; lastKnownFileType = sourcecode.swift; path = GradeManageView.swift; sourceTree = SOURCE_ROOT; };
		320DDC292B58EF250077E50B /* AttendLectureView.swift */ = {isa = PBXFileReference; lastKnownFileType = sourcecode.swift; path = AttendLectureView.swift; sourceTree = "<group>"; };
		320DDC2D2B58EF490077E50B /* SchoolManageView.swift */ = {isa = PBXFileReference; lastKnownFileType = sourcecode.swift; path = SchoolManageView.swift; sourceTree = "<group>"; };
		320DDC2F2B58EF700077E50B /* AttendManageView.swift */ = {isa = PBXFileReference; lastKnownFileType = sourcecode.swift; name = AttendManageView.swift; path = MISforEdu/AttendManageView.swift; sourceTree = SOURCE_ROOT; };
		320DDC312B58EFD40077E50B /* GradeCheckView.swift */ = {isa = PBXFileReference; lastKnownFileType = sourcecode.swift; path = GradeCheckView.swift; sourceTree = "<group>"; };
		320DDC332B58F0A60077E50B /* InstructManageView.swift */ = {isa = PBXFileReference; lastKnownFileType = sourcecode.swift; path = InstructManageView.swift; sourceTree = "<group>"; };
		320DDC352B58F0DE0077E50B /* ClassManageView.swift */ = {isa = PBXFileReference; lastKnownFileType = sourcecode.swift; path = ClassManageView.swift; sourceTree = "<group>"; };
		320DDC372B58F1F20077E50B /* AttendView.swift */ = {isa = PBXFileReference; lastKnownFileType = sourcecode.swift; path = AttendView.swift; sourceTree = "<group>"; };
		320DDC392B58F2860077E50B /* PersonCheckView.swift */ = {isa = PBXFileReference; lastKnownFileType = sourcecode.swift; path = PersonCheckView.swift; sourceTree = "<group>"; };
		320DDC402B592E060077E50B /* ClassTimeSheet.swift */ = {isa = PBXFileReference; lastKnownFileType = sourcecode.swift; path = ClassTimeSheet.swift; sourceTree = "<group>"; };
		320DDC442B5937300077E50B /* Filter.swift */ = {isa = PBXFileReference; lastKnownFileType = sourcecode.swift; path = Filter.swift; sourceTree = "<group>"; };
		320DDC482B5963FC0077E50B /* CriticSheet.swift */ = {isa = PBXFileReference; lastKnownFileType = sourcecode.swift; path = CriticSheet.swift; sourceTree = "<group>"; };
		3234BF242B7B1A1100E24DF3 /* Interface.swift */ = {isa = PBXFileReference; fileEncoding = 4; lastKnownFileType = sourcecode.swift; path = Interface.swift; sourceTree = "<group>"; };
		3234BF252B7B1A1200E24DF3 /* Behaviorgroup.swift */ = {isa = PBXFileReference; fileEncoding = 4; lastKnownFileType = sourcecode.swift; path = Behaviorgroup.swift; sourceTree = "<group>"; };
		3234BF262B7B1A1200E24DF3 /* Lecturegroup.swift */ = {isa = PBXFileReference; fileEncoding = 4; lastKnownFileType = sourcecode.swift; path = Lecturegroup.swift; sourceTree = "<group>"; };
		3234BF272B7B1A1200E24DF3 /* Usergroup.swift */ = {isa = PBXFileReference; fileEncoding = 4; lastKnownFileType = sourcecode.swift; path = Usergroup.swift; sourceTree = "<group>"; };
		3234BF2C2B7B1A3400E24DF3 /* GlobalDefinition.swift */ = {isa = PBXFileReference; fileEncoding = 4; lastKnownFileType = sourcecode.swift; path = GlobalDefinition.swift; sourceTree = "<group>"; };
		324A3A4E2B564E2D0026BB79 /* MISforEdu.app */ = {isa = PBXFileReference; explicitFileType = wrapper.application; includeInIndex = 0; path = MISforEdu.app; sourceTree = BUILT_PRODUCTS_DIR; };
		324A3A512B564E2D0026BB79 /* MISforEduApp.swift */ = {isa = PBXFileReference; lastKnownFileType = sourcecode.swift; path = MISforEduApp.swift; sourceTree = "<group>"; };
		324A3A572B564E2F0026BB79 /* MISforEdu.entitlements */ = {isa = PBXFileReference; lastKnownFileType = text.plist.entitlements; path = MISforEdu.entitlements; sourceTree = "<group>"; };
		324A3A592B564E2F0026BB79 /* Preview Assets.xcassets */ = {isa = PBXFileReference; lastKnownFileType = folder.assetcatalog; path = "Preview Assets.xcassets"; sourceTree = "<group>"; };
		324A3A5F2B564E2F0026BB79 /* MISforEduTests.xctest */ = {isa = PBXFileReference; explicitFileType = wrapper.cfbundle; includeInIndex = 0; path = MISforEduTests.xctest; sourceTree = BUILT_PRODUCTS_DIR; };
		324A3A632B564E2F0026BB79 /* MISforEduTests.swift */ = {isa = PBXFileReference; lastKnownFileType = sourcecode.swift; path = MISforEduTests.swift; sourceTree = "<group>"; };
		324A3A692B564E2F0026BB79 /* MISforEduUITests.xctest */ = {isa = PBXFileReference; explicitFileType = wrapper.cfbundle; includeInIndex = 0; path = MISforEduUITests.xctest; sourceTree = BUILT_PRODUCTS_DIR; };
		324A3A6D2B564E2F0026BB79 /* MISforEduUITests.swift */ = {isa = PBXFileReference; lastKnownFileType = sourcecode.swift; path = MISforEduUITests.swift; sourceTree = "<group>"; };
		324A3A6F2B564E2F0026BB79 /* MISforEduUITestsLaunchTests.swift */ = {isa = PBXFileReference; lastKnownFileType = sourcecode.swift; path = MISforEduUITestsLaunchTests.swift; sourceTree = "<group>"; };
		324A3A7F2B56526A0026BB79 /* Assets.xcassets */ = {isa = PBXFileReference; lastKnownFileType = folder.assetcatalog; path = Assets.xcassets; sourceTree = "<group>"; };
		324A3A852B565F890026BB79 /* DataDict_stu.swift */ = {isa = PBXFileReference; lastKnownFileType = sourcecode.swift; path = DataDict_stu.swift; sourceTree = "<group>"; };
		3269ECEA2B83B425009A6AD7 /* example.swift */ = {isa = PBXFileReference; fileEncoding = 4; lastKnownFileType = sourcecode.swift; path = example.swift; sourceTree = "<group>"; };
		326BE8522B58D1EC00CD3911 /* AccountManageView.swift */ = {isa = PBXFileReference; lastKnownFileType = sourcecode.swift; path = AccountManageView.swift; sourceTree = "<group>"; };
		326BE8542B58D20C00CD3911 /* SyllabusView.swift */ = {isa = PBXFileReference; lastKnownFileType = sourcecode.swift; path = SyllabusView.swift; sourceTree = "<group>"; };
		326BE8562B58D27100CD3911 /* CriticCheckView.swift */ = {isa = PBXFileReference; lastKnownFileType = sourcecode.swift; path = CriticCheckView.swift; sourceTree = "<group>"; };
		326BE8582B58D48400CD3911 /* CriticManageView.swift */ = {isa = PBXFileReference; lastKnownFileType = sourcecode.swift; name = CriticManageView.swift; path = MISforEdu/CriticManageView.swift; sourceTree = SOURCE_ROOT; };
		326BE85B2B58D4EE00CD3911 /* DataInputInterface.swift */ = {isa = PBXFileReference; lastKnownFileType = sourcecode.swift; path = DataInputInterface.swift; sourceTree = "<group>"; };
		327042862B58128300A8750C /* AccountView.swift */ = {isa = PBXFileReference; lastKnownFileType = sourcecode.swift; path = AccountView.swift; sourceTree = "<group>"; };
		3270428F2B58B96300A8750C /* LoginView.swift */ = {isa = PBXFileReference; lastKnownFileType = sourcecode.swift; path = LoginView.swift; sourceTree = "<group>"; };
		3296FBE32B79FA0E0083FBC2 /* MISforEdu-Bridging-Header.h */ = {isa = PBXFileReference; lastKnownFileType = sourcecode.c.h; path = "MISforEdu-Bridging-Header.h"; sourceTree = "<group>"; };
		3296FBE42B79FA0F0083FBC2 /* Interface_sql_server.cpp */ = {isa = PBXFileReference; lastKnownFileType = sourcecode.cpp.cpp; path = Interface_sql_server.cpp; sourceTree = "<group>"; };
		3296FBE52B79FA0F0083FBC2 /* Interface_sql_server.hpp */ = {isa = PBXFileReference; lastKnownFileType = sourcecode.cpp.h; path = Interface_sql_server.hpp; sourceTree = "<group>"; };
		32A0B7462B77809F00CB3E76 /* BackButton.swift */ = {isa = PBXFileReference; lastKnownFileType = sourcecode.swift; path = BackButton.swift; sourceTree = "<group>"; };
		32A0B7482B77C02400CB3E76 /* ClassTableSheets.swift */ = {isa = PBXFileReference; lastKnownFileType = sourcecode.swift; path = ClassTableSheets.swift; sourceTree = "<group>"; };
		32B420632B5A8E500029046D /* CampusView.swift */ = {isa = PBXFileReference; lastKnownFileType = sourcecode.swift; path = CampusView.swift; sourceTree = "<group>"; };
		32B420652B5A93CD0029046D /* FilterBar.swift */ = {isa = PBXFileReference; lastKnownFileType = sourcecode.swift; path = FilterBar.swift; sourceTree = "<group>"; };
		32B420672B5A94160029046D /* FilterInfo.swift */ = {isa = PBXFileReference; lastKnownFileType = sourcecode.swift; path = FilterInfo.swift; sourceTree = "<group>"; };
		32B420692B5A960E0029046D /* FilterInterpre.swift */ = {isa = PBXFileReference; lastKnownFileType = sourcecode.swift; path = FilterInterpre.swift; sourceTree = "<group>"; };
		32CDDDCB2B59FDCB00931E9D /* Loading.swift */ = {isa = PBXFileReference; lastKnownFileType = sourcecode.swift; path = Loading.swift; sourceTree = "<group>"; };
		32CDDDCD2B5A03B300931E9D /* AttendSheet.swift */ = {isa = PBXFileReference; lastKnownFileType = sourcecode.swift; path = AttendSheet.swift; sourceTree = "<group>"; };
		32CDDDCF2B5A042E00931E9D /* CheckboxButton.swift */ = {isa = PBXFileReference; lastKnownFileType = sourcecode.swift; path = CheckboxButton.swift; sourceTree = "<group>"; };
		32CDDDD12B5A07F300931E9D /* GradeSheet.swift */ = {isa = PBXFileReference; lastKnownFileType = sourcecode.swift; path = GradeSheet.swift; sourceTree = "<group>"; };
		32CDDDD32B5A341900931E9D /* GradeEdit.swift */ = {isa = PBXFileReference; lastKnownFileType = sourcecode.swift; path = GradeEdit.swift; sourceTree = "<group>"; };
		32CDDDD52B5A480100931E9D /* ClassRoomSheet.swift */ = {isa = PBXFileReference; lastKnownFileType = sourcecode.swift; path = ClassRoomSheet.swift; sourceTree = "<group>"; usesTabs = 1; };
		32CDDDD72B5A4B2F00931E9D /* CampusGuide.swift */ = {isa = PBXFileReference; lastKnownFileType = sourcecode.swift; path = CampusGuide.swift; sourceTree = "<group>"; };
		32F623692B84740D003267CA /* CardView.swift */ = {isa = PBXFileReference; lastKnownFileType = sourcecode.swift; path = CardView.swift; sourceTree = "<group>"; };
		6074905315CB4237A47BFE8F /* Pods-MISforEdu-MISforEduUITests.release.xcconfig */ = {isa = PBXFileReference; includeInIndex = 1; lastKnownFileType = text.xcconfig; name = "Pods-MISforEdu-MISforEduUITests.release.xcconfig"; path = "Target Support Files/Pods-MISforEdu-MISforEduUITests/Pods-MISforEdu-MISforEduUITests.release.xcconfig"; sourceTree = "<group>"; };
		83FA8127142E8620D6CFDE35 /* Pods-MISforEduTests.debug.xcconfig */ = {isa = PBXFileReference; includeInIndex = 1; lastKnownFileType = text.xcconfig; name = "Pods-MISforEduTests.debug.xcconfig"; path = "Target Support Files/Pods-MISforEduTests/Pods-MISforEduTests.debug.xcconfig"; sourceTree = "<group>"; };
		A40213EAA43BC66D1EAA8E1B /* Pods-MISforEdu.debug.xcconfig */ = {isa = PBXFileReference; includeInIndex = 1; lastKnownFileType = text.xcconfig; name = "Pods-MISforEdu.debug.xcconfig"; path = "Target Support Files/Pods-MISforEdu/Pods-MISforEdu.debug.xcconfig"; sourceTree = "<group>"; };
		AA2C960E9BA8420FAFD1801A /* Pods_MISforEduTests.framework */ = {isa = PBXFileReference; explicitFileType = wrapper.framework; includeInIndex = 0; path = Pods_MISforEduTests.framework; sourceTree = BUILT_PRODUCTS_DIR; };
		C22E230D593C4B5C8A3ED6E6 /* Pods_MISforEdu_MISforEduUITests.framework */ = {isa = PBXFileReference; explicitFileType = wrapper.framework; includeInIndex = 0; path = Pods_MISforEdu_MISforEduUITests.framework; sourceTree = BUILT_PRODUCTS_DIR; };
		C600ADD501D55DB17983DCF4 /* Pods_MISforEdu.framework */ = {isa = PBXFileReference; explicitFileType = wrapper.framework; includeInIndex = 0; path = Pods_MISforEdu.framework; sourceTree = BUILT_PRODUCTS_DIR; };
		DA81E598A430457AF53FD36D /* Pods-MISforEdu.release.xcconfig */ = {isa = PBXFileReference; includeInIndex = 1; lastKnownFileType = text.xcconfig; name = "Pods-MISforEdu.release.xcconfig"; path = "Target Support Files/Pods-MISforEdu/Pods-MISforEdu.release.xcconfig"; sourceTree = "<group>"; };
/* End PBXFileReference section */

/* Begin PBXFrameworksBuildPhase section */
		324A3A5C2B564E2F0026BB79 /* Frameworks */ = {
			isa = PBXFrameworksBuildPhase;
			buildActionMask = 2147483647;
			files = (
				D88DD4AFC4618CF856D746D0 /* Pods_MISforEduTests.framework in Frameworks */,
			);
			runOnlyForDeploymentPostprocessing = 0;
		};
		324A3A662B564E2F0026BB79 /* Frameworks */ = {
			isa = PBXFrameworksBuildPhase;
			buildActionMask = 2147483647;
			files = (
				4B553705BA443EC9DA83ADFE /* Pods_MISforEdu_MISforEduUITests.framework in Frameworks */,
			);
			runOnlyForDeploymentPostprocessing = 0;
		};
		5C3DFB0A673FC70C1935EB85 /* Frameworks */ = {
			isa = PBXFrameworksBuildPhase;
			buildActionMask = 2147483647;
			files = (
				136F32A1946E222FB1D334C0 /* Pods_MISforEdu.framework in Frameworks */,
			);
			runOnlyForDeploymentPostprocessing = 0;
		};
/* End PBXFrameworksBuildPhase section */

/* Begin PBXGroup section */
		17F6743C99FF4195C38AC0A3 /* Pods */ = {
			isa = PBXGroup;
			children = (
				A40213EAA43BC66D1EAA8E1B /* Pods-MISforEdu.debug.xcconfig */,
				DA81E598A430457AF53FD36D /* Pods-MISforEdu.release.xcconfig */,
				03C1F0B5155F1495688BB6A3 /* Pods-MISforEdu-MISforEduUITests.debug.xcconfig */,
				6074905315CB4237A47BFE8F /* Pods-MISforEdu-MISforEduUITests.release.xcconfig */,
				83FA8127142E8620D6CFDE35 /* Pods-MISforEduTests.debug.xcconfig */,
				188914FB6CD30B261B9B3802 /* Pods-MISforEduTests.release.xcconfig */,
			);
			path = Pods;
			sourceTree = "<group>";
		};
		208CFA39FA84E1CF253DC635 /* Frameworks */ = {
			isa = PBXGroup;
			children = (
				320DDC1E2B58EA6A0077E50B /* AzureCore.framework */,
				320DDC1B2B58EA660077E50B /* AzureCommunicationCommon.framework */,
				320DDC182B58EA630077E50B /* AzureCommunicationChat.framework */,
				320DDC152B58EA580077E50B /* AzureCommunication.framework */,
				320DDC0F2B58EA2F0077E50B /* Python3.framework */,
				C600ADD501D55DB17983DCF4 /* Pods_MISforEdu.framework */,
				C22E230D593C4B5C8A3ED6E6 /* Pods_MISforEdu_MISforEduUITests.framework */,
				AA2C960E9BA8420FAFD1801A /* Pods_MISforEduTests.framework */,
			);
			name = Frameworks;
			sourceTree = "<group>";
		};
		320DDC3F2B592DEB0077E50B /* FuncDisplay */ = {
			isa = PBXGroup;
			children = (
				320DDC402B592E060077E50B /* ClassTimeSheet.swift */,
				32CDDDD52B5A480100931E9D /* ClassRoomSheet.swift */,
				32A0B7482B77C02400CB3E76 /* ClassTableSheets.swift */,
				320DDC442B5937300077E50B /* Filter.swift */,
				32B420652B5A93CD0029046D /* FilterBar.swift */,
				32CDDDCD2B5A03B300931E9D /* AttendSheet.swift */,
				32CDDDCF2B5A042E00931E9D /* CheckboxButton.swift */,
				32A0B7462B77809F00CB3E76 /* BackButton.swift */,
				32CDDDCB2B59FDCB00931E9D /* Loading.swift */,
				320DDC482B5963FC0077E50B /* CriticSheet.swift */,
				32F623692B84740D003267CA /* CardView.swift */,
				32CDDDD12B5A07F300931E9D /* GradeSheet.swift */,
				32CDDDD32B5A341900931E9D /* GradeEdit.swift */,
				32CDDDD72B5A4B2F00931E9D /* CampusGuide.swift */,
			);
			path = FuncDisplay;
			sourceTree = "<group>";
		};
		324A3A452B564E2D0026BB79 = {
			isa = PBXGroup;
			children = (
				324A3A502B564E2D0026BB79 /* MISforEdu */,
				324A3A622B564E2F0026BB79 /* MISforEduTests */,
				324A3A6C2B564E2F0026BB79 /* MISforEduUITests */,
				324A3A4F2B564E2D0026BB79 /* Products */,
				17F6743C99FF4195C38AC0A3 /* Pods */,
				208CFA39FA84E1CF253DC635 /* Frameworks */,
			);
			sourceTree = "<group>";
		};
		324A3A4F2B564E2D0026BB79 /* Products */ = {
			isa = PBXGroup;
			children = (
				324A3A4E2B564E2D0026BB79 /* MISforEdu.app */,
				324A3A5F2B564E2F0026BB79 /* MISforEduTests.xctest */,
				324A3A692B564E2F0026BB79 /* MISforEduUITests.xctest */,
			);
			name = Products;
			sourceTree = "<group>";
		};
		324A3A502B564E2D0026BB79 /* MISforEdu */ = {
			isa = PBXGroup;
			children = (
				320DDC3F2B592DEB0077E50B /* FuncDisplay */,
				326BE85A2B58D4D000CD3911 /* FuncCore */,
				327042882B5817F600A8750C /* DatabaseQuery */,
				32505A452B56E4B100ECB923 /* SubDisplay */,
				324A3A842B565F680026BB79 /* DataDict */,
				324A3A512B564E2D0026BB79 /* MISforEduApp.swift */,
				324A3A7F2B56526A0026BB79 /* Assets.xcassets */,
				327042862B58128300A8750C /* AccountView.swift */,
				3270428F2B58B96300A8750C /* LoginView.swift */,
				3269ECEA2B83B425009A6AD7 /* example.swift */,
				3234BF2C2B7B1A3400E24DF3 /* GlobalDefinition.swift */,
				324A3A572B564E2F0026BB79 /* MISforEdu.entitlements */,
				324A3A582B564E2F0026BB79 /* Preview Content */,
				3206A4052B56A31400E35D90 /* AppDelegate.swift */,
			);
			path = MISforEdu;
			sourceTree = "<group>";
		};
		324A3A582B564E2F0026BB79 /* Preview Content */ = {
			isa = PBXGroup;
			children = (
				324A3A592B564E2F0026BB79 /* Preview Assets.xcassets */,
			);
			path = "Preview Content";
			sourceTree = "<group>";
		};
		324A3A622B564E2F0026BB79 /* MISforEduTests */ = {
			isa = PBXGroup;
			children = (
				324A3A632B564E2F0026BB79 /* MISforEduTests.swift */,
			);
			path = MISforEduTests;
			sourceTree = "<group>";
		};
		324A3A6C2B564E2F0026BB79 /* MISforEduUITests */ = {
			isa = PBXGroup;
			children = (
				324A3A6D2B564E2F0026BB79 /* MISforEduUITests.swift */,
				324A3A6F2B564E2F0026BB79 /* MISforEduUITestsLaunchTests.swift */,
			);
			path = MISforEduUITests;
			sourceTree = "<group>";
		};
		324A3A842B565F680026BB79 /* DataDict */ = {
			isa = PBXGroup;
			children = (
				324A3A852B565F890026BB79 /* DataDict_stu.swift */,
				32B420672B5A94160029046D /* FilterInfo.swift */,
			);
			path = DataDict;
			sourceTree = "<group>";
		};
		32505A452B56E4B100ECB923 /* SubDisplay */ = {
			isa = PBXGroup;
			children = (
				320DDC2F2B58EF700077E50B /* AttendManageView.swift */,
				320DDC292B58EF250077E50B /* AttendLectureView.swift */,
				326BE8522B58D1EC00CD3911 /* AccountManageView.swift */,
				320DDC372B58F1F20077E50B /* AttendView.swift */,
				32B420632B5A8E500029046D /* CampusView.swift */,
				326BE8582B58D48400CD3911 /* CriticManageView.swift */,
				326BE8562B58D27100CD3911 /* CriticCheckView.swift */,
				320DDC352B58F0DE0077E50B /* ClassManageView.swift */,
				320DDC252B58EE8B0077E50B /* GradeManageView.swift */,
				320DDC312B58EFD40077E50B /* GradeCheckView.swift */,
				326BE8542B58D20C00CD3911 /* SyllabusView.swift */,
				320DDC2D2B58EF490077E50B /* SchoolManageView.swift */,
				320DDC392B58F2860077E50B /* PersonCheckView.swift */,
				320DDC332B58F0A60077E50B /* InstructManageView.swift */,
			);
			path = SubDisplay;
			sourceTree = "<group>";
		};
		326BE85A2B58D4D000CD3911 /* FuncCore */ = {
			isa = PBXGroup;
			children = (
				326BE85B2B58D4EE00CD3911 /* DataInputInterface.swift */,
				3234BF252B7B1A1200E24DF3 /* Behaviorgroup.swift */,
				3234BF242B7B1A1100E24DF3 /* Interface.swift */,
				3234BF262B7B1A1200E24DF3 /* Lecturegroup.swift */,
				3234BF272B7B1A1200E24DF3 /* Usergroup.swift */,
				32B420692B5A960E0029046D /* FilterInterpre.swift */,
			);
			path = FuncCore;
			sourceTree = "<group>";
		};
		327042882B5817F600A8750C /* DatabaseQuery */ = {
			isa = PBXGroup;
			children = (
				3296FBE42B79FA0F0083FBC2 /* Interface_sql_server.cpp */,
				3296FBE52B79FA0F0083FBC2 /* Interface_sql_server.hpp */,
				3296FBE32B79FA0E0083FBC2 /* MISforEdu-Bridging-Header.h */,
			);
			path = DatabaseQuery;
			sourceTree = "<group>";
		};
/* End PBXGroup section */

/* Begin PBXNativeTarget section */
		324A3A4D2B564E2D0026BB79 /* MISforEdu */ = {
			isa = PBXNativeTarget;
			buildConfigurationList = 324A3A732B564E2F0026BB79 /* Build configuration list for PBXNativeTarget "MISforEdu" */;
			buildPhases = (
				3C971885BE37031BACB4CCB9 /* [CP] Check Pods Manifest.lock */,
				324A3A4A2B564E2D0026BB79 /* Sources */,
				324A3A4C2B564E2D0026BB79 /* Resources */,
				5C3DFB0A673FC70C1935EB85 /* Frameworks */,
			);
			buildRules = (
			);
			dependencies = (
			);
			name = MISforEdu;
			productName = MISforEdu;
			productReference = 324A3A4E2B564E2D0026BB79 /* MISforEdu.app */;
			productType = "com.apple.product-type.application";
		};
		324A3A5E2B564E2F0026BB79 /* MISforEduTests */ = {
			isa = PBXNativeTarget;
			buildConfigurationList = 324A3A762B564E2F0026BB79 /* Build configuration list for PBXNativeTarget "MISforEduTests" */;
			buildPhases = (
				D5B12D34F3F90846D68D1541 /* [CP] Check Pods Manifest.lock */,
				324A3A5B2B564E2F0026BB79 /* Sources */,
				324A3A5C2B564E2F0026BB79 /* Frameworks */,
				324A3A5D2B564E2F0026BB79 /* Resources */,
			);
			buildRules = (
			);
			dependencies = (
				324A3A612B564E2F0026BB79 /* PBXTargetDependency */,
			);
			name = MISforEduTests;
			productName = MISforEduTests;
			productReference = 324A3A5F2B564E2F0026BB79 /* MISforEduTests.xctest */;
			productType = "com.apple.product-type.bundle.unit-test";
		};
		324A3A682B564E2F0026BB79 /* MISforEduUITests */ = {
			isa = PBXNativeTarget;
			buildConfigurationList = 324A3A792B564E2F0026BB79 /* Build configuration list for PBXNativeTarget "MISforEduUITests" */;
			buildPhases = (
				0F5FB5EFED22ED49D885B3F1 /* [CP] Check Pods Manifest.lock */,
				324A3A652B564E2F0026BB79 /* Sources */,
				324A3A662B564E2F0026BB79 /* Frameworks */,
				324A3A672B564E2F0026BB79 /* Resources */,
			);
			buildRules = (
			);
			dependencies = (
				324A3A6B2B564E2F0026BB79 /* PBXTargetDependency */,
			);
			name = MISforEduUITests;
			productName = MISforEduUITests;
			productReference = 324A3A692B564E2F0026BB79 /* MISforEduUITests.xctest */;
			productType = "com.apple.product-type.bundle.ui-testing";
		};
/* End PBXNativeTarget section */

/* Begin PBXProject section */
		324A3A462B564E2D0026BB79 /* Project object */ = {
			isa = PBXProject;
			attributes = {
				BuildIndependentTargetsInParallel = 1;
				LastSwiftUpdateCheck = 1430;
				LastUpgradeCheck = 1520;
				TargetAttributes = {
					324A3A4D2B564E2D0026BB79 = {
						CreatedOnToolsVersion = 14.3.1;
						LastSwiftMigration = 1430;
					};
					324A3A5E2B564E2F0026BB79 = {
						CreatedOnToolsVersion = 14.3.1;
						TestTargetID = 324A3A4D2B564E2D0026BB79;
					};
					324A3A682B564E2F0026BB79 = {
						CreatedOnToolsVersion = 14.3.1;
						TestTargetID = 324A3A4D2B564E2D0026BB79;
					};
				};
			};
			buildConfigurationList = 324A3A492B564E2D0026BB79 /* Build configuration list for PBXProject "MISforEdu" */;
			compatibilityVersion = "Xcode 14.0";
			developmentRegion = en;
			hasScannedForEncodings = 0;
			knownRegions = (
				en,
				Base,
			);
			mainGroup = 324A3A452B564E2D0026BB79;
			productRefGroup = 324A3A4F2B564E2D0026BB79 /* Products */;
			projectDirPath = "";
			projectRoot = "";
			targets = (
				324A3A4D2B564E2D0026BB79 /* MISforEdu */,
				324A3A5E2B564E2F0026BB79 /* MISforEduTests */,
				324A3A682B564E2F0026BB79 /* MISforEduUITests */,
			);
		};
/* End PBXProject section */

/* Begin PBXResourcesBuildPhase section */
		324A3A4C2B564E2D0026BB79 /* Resources */ = {
			isa = PBXResourcesBuildPhase;
			buildActionMask = 2147483647;
			files = (
				324A3A802B56526B0026BB79 /* Assets.xcassets in Resources */,
				324A3A5A2B564E2F0026BB79 /* Preview Assets.xcassets in Resources */,
			);
			runOnlyForDeploymentPostprocessing = 0;
		};
		324A3A5D2B564E2F0026BB79 /* Resources */ = {
			isa = PBXResourcesBuildPhase;
			buildActionMask = 2147483647;
			files = (
			);
			runOnlyForDeploymentPostprocessing = 0;
		};
		324A3A672B564E2F0026BB79 /* Resources */ = {
			isa = PBXResourcesBuildPhase;
			buildActionMask = 2147483647;
			files = (
			);
			runOnlyForDeploymentPostprocessing = 0;
		};
/* End PBXResourcesBuildPhase section */

/* Begin PBXShellScriptBuildPhase section */
		0F5FB5EFED22ED49D885B3F1 /* [CP] Check Pods Manifest.lock */ = {
			isa = PBXShellScriptBuildPhase;
			buildActionMask = 2147483647;
			files = (
			);
			inputFileListPaths = (
			);
			inputPaths = (
				"${PODS_PODFILE_DIR_PATH}/Podfile.lock",
				"${PODS_ROOT}/Manifest.lock",
			);
			name = "[CP] Check Pods Manifest.lock";
			outputFileListPaths = (
			);
			outputPaths = (
				"$(DERIVED_FILE_DIR)/Pods-MISforEdu-MISforEduUITests-checkManifestLockResult.txt",
			);
			runOnlyForDeploymentPostprocessing = 0;
			shellPath = /bin/sh;
			shellScript = "diff \"${PODS_PODFILE_DIR_PATH}/Podfile.lock\" \"${PODS_ROOT}/Manifest.lock\" > /dev/null\nif [ $? != 0 ] ; then\n    # print error to STDERR\n    echo \"error: The sandbox is not in sync with the Podfile.lock. Run 'pod install' or update your CocoaPods installation.\" >&2\n    exit 1\nfi\n# This output is used by Xcode 'outputs' to avoid re-running this script phase.\necho \"SUCCESS\" > \"${SCRIPT_OUTPUT_FILE_0}\"\n";
			showEnvVarsInLog = 0;
		};
		3C971885BE37031BACB4CCB9 /* [CP] Check Pods Manifest.lock */ = {
			isa = PBXShellScriptBuildPhase;
			buildActionMask = 2147483647;
			files = (
			);
			inputFileListPaths = (
			);
			inputPaths = (
				"${PODS_PODFILE_DIR_PATH}/Podfile.lock",
				"${PODS_ROOT}/Manifest.lock",
			);
			name = "[CP] Check Pods Manifest.lock";
			outputFileListPaths = (
			);
			outputPaths = (
				"$(DERIVED_FILE_DIR)/Pods-MISforEdu-checkManifestLockResult.txt",
			);
			runOnlyForDeploymentPostprocessing = 0;
			shellPath = /bin/sh;
			shellScript = "diff \"${PODS_PODFILE_DIR_PATH}/Podfile.lock\" \"${PODS_ROOT}/Manifest.lock\" > /dev/null\nif [ $? != 0 ] ; then\n    # print error to STDERR\n    echo \"error: The sandbox is not in sync with the Podfile.lock. Run 'pod install' or update your CocoaPods installation.\" >&2\n    exit 1\nfi\n# This output is used by Xcode 'outputs' to avoid re-running this script phase.\necho \"SUCCESS\" > \"${SCRIPT_OUTPUT_FILE_0}\"\n";
			showEnvVarsInLog = 0;
		};
		D5B12D34F3F90846D68D1541 /* [CP] Check Pods Manifest.lock */ = {
			isa = PBXShellScriptBuildPhase;
			buildActionMask = 2147483647;
			files = (
			);
			inputFileListPaths = (
			);
			inputPaths = (
				"${PODS_PODFILE_DIR_PATH}/Podfile.lock",
				"${PODS_ROOT}/Manifest.lock",
			);
			name = "[CP] Check Pods Manifest.lock";
			outputFileListPaths = (
			);
			outputPaths = (
				"$(DERIVED_FILE_DIR)/Pods-MISforEduTests-checkManifestLockResult.txt",
			);
			runOnlyForDeploymentPostprocessing = 0;
			shellPath = /bin/sh;
			shellScript = "diff \"${PODS_PODFILE_DIR_PATH}/Podfile.lock\" \"${PODS_ROOT}/Manifest.lock\" > /dev/null\nif [ $? != 0 ] ; then\n    # print error to STDERR\n    echo \"error: The sandbox is not in sync with the Podfile.lock. Run 'pod install' or update your CocoaPods installation.\" >&2\n    exit 1\nfi\n# This output is used by Xcode 'outputs' to avoid re-running this script phase.\necho \"SUCCESS\" > \"${SCRIPT_OUTPUT_FILE_0}\"\n";
			showEnvVarsInLog = 0;
		};
/* End PBXShellScriptBuildPhase section */

/* Begin PBXSourcesBuildPhase section */
		324A3A4A2B564E2D0026BB79 /* Sources */ = {
			isa = PBXSourcesBuildPhase;
			buildActionMask = 2147483647;
			files = (
				3269ECEC2B83B425009A6AD7 /* example.swift in Sources */,
				320DDC302B58EF700077E50B /* AttendManageView.swift in Sources */,
				32CDDDD42B5A341900931E9D /* GradeEdit.swift in Sources */,
				32B420662B5A93CD0029046D /* FilterBar.swift in Sources */,
				32CDDDD62B5A480100931E9D /* ClassRoomSheet.swift in Sources */,
				320DDC412B592E060077E50B /* ClassTimeSheet.swift in Sources */,
				32F6236A2B84740D003267CA /* CardView.swift in Sources */,
				32CDDDD22B5A07F300931E9D /* GradeSheet.swift in Sources */,
				3234BF2A2B7B1A1200E24DF3 /* Lecturegroup.swift in Sources */,
				3234BF292B7B1A1200E24DF3 /* Behaviorgroup.swift in Sources */,
				326BE8532B58D1EC00CD3911 /* AccountManageView.swift in Sources */,
				320DDC452B5937300077E50B /* Filter.swift in Sources */,
				327042902B58B96300A8750C /* LoginView.swift in Sources */,
				3234BF282B7B1A1200E24DF3 /* Interface.swift in Sources */,
				32B420642B5A8E500029046D /* CampusView.swift in Sources */,
				32CDDDD02B5A042E00931E9D /* CheckboxButton.swift in Sources */,
				32CDDDCC2B59FDCB00931E9D /* Loading.swift in Sources */,
				320DDC3A2B58F2860077E50B /* PersonCheckView.swift in Sources */,
				320DDC362B58F0DE0077E50B /* ClassManageView.swift in Sources */,
				326BE85C2B58D4EE00CD3911 /* DataInputInterface.swift in Sources */,
				324A3A522B564E2D0026BB79 /* MISforEduApp.swift in Sources */,
				327042872B58128300A8750C /* AccountView.swift in Sources */,
				320DDC492B5963FC0077E50B /* CriticSheet.swift in Sources */,
				32A0B7492B77C02400CB3E76 /* ClassTableSheets.swift in Sources */,
				326BE8572B58D27100CD3911 /* CriticCheckView.swift in Sources */,
				32B4206A2B5A960E0029046D /* FilterInterpre.swift in Sources */,
				326BE8552B58D20C00CD3911 /* SyllabusView.swift in Sources */,
				324A3A862B565F890026BB79 /* DataDict_stu.swift in Sources */,
				3234BF2D2B7B1A3400E24DF3 /* GlobalDefinition.swift in Sources */,
				320DDC2A2B58EF250077E50B /* AttendLectureView.swift in Sources */,
				32B420682B5A94160029046D /* FilterInfo.swift in Sources */,
				3206A4062B56A31500E35D90 /* AppDelegate.swift in Sources */,
				32CDDDCE2B5A03B300931E9D /* AttendSheet.swift in Sources */,
				32A0B7472B77809F00CB3E76 /* BackButton.swift in Sources */,
				3234BF2B2B7B1A1200E24DF3 /* Usergroup.swift in Sources */,
				320DDC262B58EE8B0077E50B /* GradeManageView.swift in Sources */,
				320DDC322B58EFD40077E50B /* GradeCheckView.swift in Sources */,
				3296FBE62B79FA0F0083FBC2 /* Interface_sql_server.cpp in Sources */,
				320DDC2E2B58EF490077E50B /* SchoolManageView.swift in Sources */,
				32CDDDD82B5A4B2F00931E9D /* CampusGuide.swift in Sources */,
				326BE8592B58D48400CD3911 /* CriticManageView.swift in Sources */,
				320DDC382B58F1F20077E50B /* AttendView.swift in Sources */,
				320DDC342B58F0A60077E50B /* InstructManageView.swift in Sources */,
			);
			runOnlyForDeploymentPostprocessing = 0;
		};
		324A3A5B2B564E2F0026BB79 /* Sources */ = {
			isa = PBXSourcesBuildPhase;
			buildActionMask = 2147483647;
			files = (
				324A3A642B564E2F0026BB79 /* MISforEduTests.swift in Sources */,
			);
			runOnlyForDeploymentPostprocessing = 0;
		};
		324A3A652B564E2F0026BB79 /* Sources */ = {
			isa = PBXSourcesBuildPhase;
			buildActionMask = 2147483647;
			files = (
				324A3A6E2B564E2F0026BB79 /* MISforEduUITests.swift in Sources */,
				324A3A702B564E2F0026BB79 /* MISforEduUITestsLaunchTests.swift in Sources */,
			);
			runOnlyForDeploymentPostprocessing = 0;
		};
/* End PBXSourcesBuildPhase section */

/* Begin PBXTargetDependency section */
		324A3A612B564E2F0026BB79 /* PBXTargetDependency */ = {
			isa = PBXTargetDependency;
			target = 324A3A4D2B564E2D0026BB79 /* MISforEdu */;
			targetProxy = 324A3A602B564E2F0026BB79 /* PBXContainerItemProxy */;
		};
		324A3A6B2B564E2F0026BB79 /* PBXTargetDependency */ = {
			isa = PBXTargetDependency;
			target = 324A3A4D2B564E2D0026BB79 /* MISforEdu */;
			targetProxy = 324A3A6A2B564E2F0026BB79 /* PBXContainerItemProxy */;
		};
/* End PBXTargetDependency section */

/* Begin XCBuildConfiguration section */
		324A3A712B564E2F0026BB79 /* Debug */ = {
			isa = XCBuildConfiguration;
			buildSettings = {
				ALWAYS_SEARCH_USER_PATHS = NO;
				CLANG_ANALYZER_NONNULL = YES;
				CLANG_ANALYZER_NUMBER_OBJECT_CONVERSION = YES_AGGRESSIVE;
				CLANG_CXX_LANGUAGE_STANDARD = "gnu++20";
				CLANG_ENABLE_MODULES = YES;
				CLANG_ENABLE_OBJC_ARC = YES;
				CLANG_ENABLE_OBJC_WEAK = YES;
				CLANG_WARN_BLOCK_CAPTURE_AUTORELEASING = YES;
				CLANG_WARN_BOOL_CONVERSION = YES;
				CLANG_WARN_COMMA = YES;
				CLANG_WARN_CONSTANT_CONVERSION = YES;
				CLANG_WARN_DEPRECATED_OBJC_IMPLEMENTATIONS = YES;
				CLANG_WARN_DIRECT_OBJC_ISA_USAGE = YES_ERROR;
				CLANG_WARN_DOCUMENTATION_COMMENTS = YES;
				CLANG_WARN_EMPTY_BODY = YES;
				CLANG_WARN_ENUM_CONVERSION = YES;
				CLANG_WARN_INFINITE_RECURSION = YES;
				CLANG_WARN_INT_CONVERSION = YES;
				CLANG_WARN_NON_LITERAL_NULL_CONVERSION = YES;
				CLANG_WARN_OBJC_IMPLICIT_RETAIN_SELF = YES;
				CLANG_WARN_OBJC_LITERAL_CONVERSION = YES;
				CLANG_WARN_OBJC_ROOT_CLASS = YES_ERROR;
				CLANG_WARN_QUOTED_INCLUDE_IN_FRAMEWORK_HEADER = YES;
				CLANG_WARN_RANGE_LOOP_ANALYSIS = YES;
				CLANG_WARN_STRICT_PROTOTYPES = YES;
				CLANG_WARN_SUSPICIOUS_MOVE = YES;
				CLANG_WARN_UNGUARDED_AVAILABILITY = YES_AGGRESSIVE;
				CLANG_WARN_UNREACHABLE_CODE = YES;
				CLANG_WARN__DUPLICATE_METHOD_MATCH = YES;
				COPY_PHASE_STRIP = NO;
				DEAD_CODE_STRIPPING = YES;
				DEBUG_INFORMATION_FORMAT = dwarf;
				ENABLE_STRICT_OBJC_MSGSEND = YES;
				ENABLE_TESTABILITY = YES;
				ENABLE_USER_SCRIPT_SANDBOXING = YES;
				GCC_C_LANGUAGE_STANDARD = gnu11;
				GCC_DYNAMIC_NO_PIC = NO;
				GCC_NO_COMMON_BLOCKS = YES;
				GCC_OPTIMIZATION_LEVEL = 0;
				GCC_PREPROCESSOR_DEFINITIONS = (
					"DEBUG=1",
					"$(inherited)",
				);
				GCC_WARN_64_TO_32_BIT_CONVERSION = YES;
				GCC_WARN_ABOUT_RETURN_TYPE = YES_ERROR;
				GCC_WARN_UNDECLARED_SELECTOR = YES;
				GCC_WARN_UNINITIALIZED_AUTOS = YES_AGGRESSIVE;
				GCC_WARN_UNUSED_FUNCTION = YES;
				GCC_WARN_UNUSED_VARIABLE = YES;
				MTL_ENABLE_DEBUG_INFO = INCLUDE_SOURCE;
				MTL_FAST_MATH = YES;
				ONLY_ACTIVE_ARCH = YES;
				SWIFT_ACTIVE_COMPILATION_CONDITIONS = DEBUG;
				SWIFT_OPTIMIZATION_LEVEL = "-Onone";
			};
			name = Debug;
		};
		324A3A722B564E2F0026BB79 /* Release */ = {
			isa = XCBuildConfiguration;
			buildSettings = {
				ALWAYS_SEARCH_USER_PATHS = NO;
				CLANG_ANALYZER_NONNULL = YES;
				CLANG_ANALYZER_NUMBER_OBJECT_CONVERSION = YES_AGGRESSIVE;
				CLANG_CXX_LANGUAGE_STANDARD = "gnu++20";
				CLANG_ENABLE_MODULES = YES;
				CLANG_ENABLE_OBJC_ARC = YES;
				CLANG_ENABLE_OBJC_WEAK = YES;
				CLANG_WARN_BLOCK_CAPTURE_AUTORELEASING = YES;
				CLANG_WARN_BOOL_CONVERSION = YES;
				CLANG_WARN_COMMA = YES;
				CLANG_WARN_CONSTANT_CONVERSION = YES;
				CLANG_WARN_DEPRECATED_OBJC_IMPLEMENTATIONS = YES;
				CLANG_WARN_DIRECT_OBJC_ISA_USAGE = YES_ERROR;
				CLANG_WARN_DOCUMENTATION_COMMENTS = YES;
				CLANG_WARN_EMPTY_BODY = YES;
				CLANG_WARN_ENUM_CONVERSION = YES;
				CLANG_WARN_INFINITE_RECURSION = YES;
				CLANG_WARN_INT_CONVERSION = YES;
				CLANG_WARN_NON_LITERAL_NULL_CONVERSION = YES;
				CLANG_WARN_OBJC_IMPLICIT_RETAIN_SELF = YES;
				CLANG_WARN_OBJC_LITERAL_CONVERSION = YES;
				CLANG_WARN_OBJC_ROOT_CLASS = YES_ERROR;
				CLANG_WARN_QUOTED_INCLUDE_IN_FRAMEWORK_HEADER = YES;
				CLANG_WARN_RANGE_LOOP_ANALYSIS = YES;
				CLANG_WARN_STRICT_PROTOTYPES = YES;
				CLANG_WARN_SUSPICIOUS_MOVE = YES;
				CLANG_WARN_UNGUARDED_AVAILABILITY = YES_AGGRESSIVE;
				CLANG_WARN_UNREACHABLE_CODE = YES;
				CLANG_WARN__DUPLICATE_METHOD_MATCH = YES;
				COPY_PHASE_STRIP = NO;
				DEAD_CODE_STRIPPING = YES;
				DEBUG_INFORMATION_FORMAT = "dwarf-with-dsym";
				ENABLE_NS_ASSERTIONS = NO;
				ENABLE_STRICT_OBJC_MSGSEND = YES;
				ENABLE_USER_SCRIPT_SANDBOXING = YES;
				GCC_C_LANGUAGE_STANDARD = gnu11;
				GCC_NO_COMMON_BLOCKS = YES;
				GCC_WARN_64_TO_32_BIT_CONVERSION = YES;
				GCC_WARN_ABOUT_RETURN_TYPE = YES_ERROR;
				GCC_WARN_UNDECLARED_SELECTOR = YES;
				GCC_WARN_UNINITIALIZED_AUTOS = YES_AGGRESSIVE;
				GCC_WARN_UNUSED_FUNCTION = YES;
				GCC_WARN_UNUSED_VARIABLE = YES;
				MTL_ENABLE_DEBUG_INFO = NO;
				MTL_FAST_MATH = YES;
				SWIFT_COMPILATION_MODE = wholemodule;
				SWIFT_OPTIMIZATION_LEVEL = "-O";
			};
			name = Release;
		};
		324A3A742B564E2F0026BB79 /* Debug */ = {
			isa = XCBuildConfiguration;
			baseConfigurationReference = A40213EAA43BC66D1EAA8E1B /* Pods-MISforEdu.debug.xcconfig */;
			buildSettings = {
				ASSETCATALOG_COMPILER_APPICON_NAME = AppIcon;
				ASSETCATALOG_COMPILER_GLOBAL_ACCENT_COLOR_NAME = AccentColor;
				CLANG_ENABLE_MODULES = YES;
				CODE_SIGN_ENTITLEMENTS = MISforEdu/MISforEdu.entitlements;
				CODE_SIGN_STYLE = Automatic;
				CURRENT_PROJECT_VERSION = 1;
				DEAD_CODE_STRIPPING = YES;
				DEVELOPMENT_ASSET_PATHS = "\"MISforEdu/Preview Content\"";
				DEVELOPMENT_TEAM = 379P4X5DA9;
				ENABLE_HARDENED_RUNTIME = YES;
				ENABLE_PREVIEWS = YES;
				GENERATE_INFOPLIST_FILE = YES;
				INFOPLIST_FILE = MISforEdu/Info.plist;
				"INFOPLIST_KEY_UIApplicationSceneManifest_Generation[sdk=iphoneos*]" = YES;
				"INFOPLIST_KEY_UIApplicationSceneManifest_Generation[sdk=iphonesimulator*]" = YES;
				"INFOPLIST_KEY_UIApplicationSupportsIndirectInputEvents[sdk=iphoneos*]" = YES;
				"INFOPLIST_KEY_UIApplicationSupportsIndirectInputEvents[sdk=iphonesimulator*]" = YES;
				"INFOPLIST_KEY_UILaunchScreen_Generation[sdk=iphoneos*]" = YES;
				"INFOPLIST_KEY_UILaunchScreen_Generation[sdk=iphonesimulator*]" = YES;
				"INFOPLIST_KEY_UIStatusBarStyle[sdk=iphoneos*]" = UIStatusBarStyleDefault;
				"INFOPLIST_KEY_UIStatusBarStyle[sdk=iphonesimulator*]" = UIStatusBarStyleDefault;
				INFOPLIST_KEY_UISupportedInterfaceOrientations_iPad = "UIInterfaceOrientationPortrait UIInterfaceOrientationPortraitUpsideDown UIInterfaceOrientationLandscapeLeft UIInterfaceOrientationLandscapeRight";
				INFOPLIST_KEY_UISupportedInterfaceOrientations_iPhone = "UIInterfaceOrientationPortrait UIInterfaceOrientationLandscapeLeft UIInterfaceOrientationLandscapeRight";
				IPHONEOS_DEPLOYMENT_TARGET = 16.0;
				LD_RUNPATH_SEARCH_PATHS = "@executable_path/Frameworks";
				"LD_RUNPATH_SEARCH_PATHS[sdk=macosx*]" = "@executable_path/../Frameworks";
				MACOSX_DEPLOYMENT_TARGET = 13.3;
				MARKETING_VERSION = 0.1;
				PRODUCT_BUNDLE_IDENTIFIER = channingTong.MISforEdu;
				PRODUCT_NAME = "$(TARGET_NAME)";
				SDKROOT = auto;
				SUPPORTED_PLATFORMS = "iphoneos iphonesimulator";
				SUPPORTS_MACCATALYST = NO;
				SUPPORTS_MAC_DESIGNED_FOR_IPHONE_IPAD = NO;
				SWIFT_EMIT_LOC_STRINGS = YES;
				SWIFT_OBJC_BRIDGING_HEADER = "MISforEdu/DatabaseQuery/MISforEdu-Bridging-Header.h";
				SWIFT_OPTIMIZATION_LEVEL = "-Onone";
				SWIFT_VERSION = 5.0;
				TARGETED_DEVICE_FAMILY = 2;
			};
			name = Debug;
		};
		324A3A752B564E2F0026BB79 /* Release */ = {
			isa = XCBuildConfiguration;
			baseConfigurationReference = DA81E598A430457AF53FD36D /* Pods-MISforEdu.release.xcconfig */;
			buildSettings = {
				ASSETCATALOG_COMPILER_APPICON_NAME = AppIcon;
				ASSETCATALOG_COMPILER_GLOBAL_ACCENT_COLOR_NAME = AccentColor;
				CLANG_ENABLE_MODULES = YES;
				CODE_SIGN_ENTITLEMENTS = MISforEdu/MISforEdu.entitlements;
				CODE_SIGN_STYLE = Automatic;
				CURRENT_PROJECT_VERSION = 1;
				DEAD_CODE_STRIPPING = YES;
				DEVELOPMENT_ASSET_PATHS = "\"MISforEdu/Preview Content\"";
				DEVELOPMENT_TEAM = 379P4X5DA9;
				ENABLE_HARDENED_RUNTIME = YES;
				ENABLE_PREVIEWS = YES;
				GENERATE_INFOPLIST_FILE = YES;
				INFOPLIST_FILE = MISforEdu/Info.plist;
				"INFOPLIST_KEY_UIApplicationSceneManifest_Generation[sdk=iphoneos*]" = YES;
				"INFOPLIST_KEY_UIApplicationSceneManifest_Generation[sdk=iphonesimulator*]" = YES;
				"INFOPLIST_KEY_UIApplicationSupportsIndirectInputEvents[sdk=iphoneos*]" = YES;
				"INFOPLIST_KEY_UIApplicationSupportsIndirectInputEvents[sdk=iphonesimulator*]" = YES;
				"INFOPLIST_KEY_UILaunchScreen_Generation[sdk=iphoneos*]" = YES;
				"INFOPLIST_KEY_UILaunchScreen_Generation[sdk=iphonesimulator*]" = YES;
				"INFOPLIST_KEY_UIStatusBarStyle[sdk=iphoneos*]" = UIStatusBarStyleDefault;
				"INFOPLIST_KEY_UIStatusBarStyle[sdk=iphonesimulator*]" = UIStatusBarStyleDefault;
				INFOPLIST_KEY_UISupportedInterfaceOrientations_iPad = "UIInterfaceOrientationPortrait UIInterfaceOrientationPortraitUpsideDown UIInterfaceOrientationLandscapeLeft UIInterfaceOrientationLandscapeRight";
				INFOPLIST_KEY_UISupportedInterfaceOrientations_iPhone = "UIInterfaceOrientationPortrait UIInterfaceOrientationLandscapeLeft UIInterfaceOrientationLandscapeRight";
				IPHONEOS_DEPLOYMENT_TARGET = 16.0;
				LD_RUNPATH_SEARCH_PATHS = "@executable_path/Frameworks";
				"LD_RUNPATH_SEARCH_PATHS[sdk=macosx*]" = "@executable_path/../Frameworks";
				MACOSX_DEPLOYMENT_TARGET = 13.3;
				MARKETING_VERSION = 0.1;
				PRODUCT_BUNDLE_IDENTIFIER = channingTong.MISforEdu;
				PRODUCT_NAME = "$(TARGET_NAME)";
				SDKROOT = auto;
				SUPPORTED_PLATFORMS = "iphoneos iphonesimulator";
				SUPPORTS_MACCATALYST = NO;
				SUPPORTS_MAC_DESIGNED_FOR_IPHONE_IPAD = NO;
				SWIFT_EMIT_LOC_STRINGS = YES;
				SWIFT_OBJC_BRIDGING_HEADER = "MISforEdu/DatabaseQuery/MISforEdu-Bridging-Header.h";
				SWIFT_VERSION = 5.0;
				TARGETED_DEVICE_FAMILY = 2;
			};
			name = Release;
		};
		324A3A772B564E2F0026BB79 /* Debug */ = {
			isa = XCBuildConfiguration;
			baseConfigurationReference = 83FA8127142E8620D6CFDE35 /* Pods-MISforEduTests.debug.xcconfig */;
			buildSettings = {
				ALWAYS_EMBED_SWIFT_STANDARD_LIBRARIES = YES;
				BUNDLE_LOADER = "$(TEST_HOST)";
				CODE_SIGN_STYLE = Automatic;
				CURRENT_PROJECT_VERSION = 1;
				DEAD_CODE_STRIPPING = YES;
				DEVELOPMENT_TEAM = 379P4X5DA9;
				GENERATE_INFOPLIST_FILE = YES;
				IPHONEOS_DEPLOYMENT_TARGET = 16.4;
				MACOSX_DEPLOYMENT_TARGET = 13.3;
				MARKETING_VERSION = 1.0;
				PRODUCT_BUNDLE_IDENTIFIER = channingTong.MISforEduTests;
				PRODUCT_NAME = "$(TARGET_NAME)";
				SDKROOT = auto;
				SUPPORTED_PLATFORMS = "iphoneos iphonesimulator macosx";
				SWIFT_EMIT_LOC_STRINGS = NO;
				SWIFT_VERSION = 5.0;
				TARGETED_DEVICE_FAMILY = "1,2";
				TEST_HOST = "$(BUILT_PRODUCTS_DIR)/MISforEdu.app/$(BUNDLE_EXECUTABLE_FOLDER_PATH)/MISforEdu";
			};
			name = Debug;
		};
		324A3A782B564E2F0026BB79 /* Release */ = {
			isa = XCBuildConfiguration;
			baseConfigurationReference = 188914FB6CD30B261B9B3802 /* Pods-MISforEduTests.release.xcconfig */;
			buildSettings = {
				ALWAYS_EMBED_SWIFT_STANDARD_LIBRARIES = YES;
				BUNDLE_LOADER = "$(TEST_HOST)";
				CODE_SIGN_STYLE = Automatic;
				CURRENT_PROJECT_VERSION = 1;
				DEAD_CODE_STRIPPING = YES;
				DEVELOPMENT_TEAM = 379P4X5DA9;
				GENERATE_INFOPLIST_FILE = YES;
				IPHONEOS_DEPLOYMENT_TARGET = 16.4;
				MACOSX_DEPLOYMENT_TARGET = 13.3;
				MARKETING_VERSION = 1.0;
				PRODUCT_BUNDLE_IDENTIFIER = channingTong.MISforEduTests;
				PRODUCT_NAME = "$(TARGET_NAME)";
				SDKROOT = auto;
				SUPPORTED_PLATFORMS = "iphoneos iphonesimulator macosx";
				SWIFT_EMIT_LOC_STRINGS = NO;
				SWIFT_VERSION = 5.0;
				TARGETED_DEVICE_FAMILY = "1,2";
				TEST_HOST = "$(BUILT_PRODUCTS_DIR)/MISforEdu.app/$(BUNDLE_EXECUTABLE_FOLDER_PATH)/MISforEdu";
			};
			name = Release;
		};
		324A3A7A2B564E2F0026BB79 /* Debug */ = {
			isa = XCBuildConfiguration;
			baseConfigurationReference = 03C1F0B5155F1495688BB6A3 /* Pods-MISforEdu-MISforEduUITests.debug.xcconfig */;
			buildSettings = {
				ALWAYS_EMBED_SWIFT_STANDARD_LIBRARIES = YES;
				CODE_SIGN_STYLE = Automatic;
				CURRENT_PROJECT_VERSION = 1;
				DEAD_CODE_STRIPPING = YES;
				DEVELOPMENT_TEAM = 379P4X5DA9;
				GENERATE_INFOPLIST_FILE = YES;
				IPHONEOS_DEPLOYMENT_TARGET = 16.4;
				MACOSX_DEPLOYMENT_TARGET = 13.3;
				MARKETING_VERSION = 1.0;
				PRODUCT_BUNDLE_IDENTIFIER = channingTong.MISforEduUITests;
				PRODUCT_NAME = "$(TARGET_NAME)";
				SDKROOT = auto;
				SUPPORTED_PLATFORMS = "iphoneos iphonesimulator macosx";
				SWIFT_EMIT_LOC_STRINGS = NO;
				SWIFT_VERSION = 5.0;
				TARGETED_DEVICE_FAMILY = "1,2";
				TEST_TARGET_NAME = MISforEdu;
			};
			name = Debug;
		};
		324A3A7B2B564E2F0026BB79 /* Release */ = {
			isa = XCBuildConfiguration;
			baseConfigurationReference = 6074905315CB4237A47BFE8F /* Pods-MISforEdu-MISforEduUITests.release.xcconfig */;
			buildSettings = {
				ALWAYS_EMBED_SWIFT_STANDARD_LIBRARIES = YES;
				CODE_SIGN_STYLE = Automatic;
				CURRENT_PROJECT_VERSION = 1;
				DEAD_CODE_STRIPPING = YES;
				DEVELOPMENT_TEAM = 379P4X5DA9;
				GENERATE_INFOPLIST_FILE = YES;
				IPHONEOS_DEPLOYMENT_TARGET = 16.4;
				MACOSX_DEPLOYMENT_TARGET = 13.3;
				MARKETING_VERSION = 1.0;
				PRODUCT_BUNDLE_IDENTIFIER = channingTong.MISforEduUITests;
				PRODUCT_NAME = "$(TARGET_NAME)";
				SDKROOT = auto;
				SUPPORTED_PLATFORMS = "iphoneos iphonesimulator macosx";
				SWIFT_EMIT_LOC_STRINGS = NO;
				SWIFT_VERSION = 5.0;
				TARGETED_DEVICE_FAMILY = "1,2";
				TEST_TARGET_NAME = MISforEdu;
			};
			name = Release;
		};
/* End XCBuildConfiguration section */

/* Begin XCConfigurationList section */
		324A3A492B564E2D0026BB79 /* Build configuration list for PBXProject "MISforEdu" */ = {
			isa = XCConfigurationList;
			buildConfigurations = (
				324A3A712B564E2F0026BB79 /* Debug */,
				324A3A722B564E2F0026BB79 /* Release */,
			);
			defaultConfigurationIsVisible = 0;
			defaultConfigurationName = Release;
		};
		324A3A732B564E2F0026BB79 /* Build configuration list for PBXNativeTarget "MISforEdu" */ = {
			isa = XCConfigurationList;
			buildConfigurations = (
				324A3A742B564E2F0026BB79 /* Debug */,
				324A3A752B564E2F0026BB79 /* Release */,
			);
			defaultConfigurationIsVisible = 0;
			defaultConfigurationName = Release;
		};
		324A3A762B564E2F0026BB79 /* Build configuration list for PBXNativeTarget "MISforEduTests" */ = {
			isa = XCConfigurationList;
			buildConfigurations = (
				324A3A772B564E2F0026BB79 /* Debug */,
				324A3A782B564E2F0026BB79 /* Release */,
			);
			defaultConfigurationIsVisible = 0;
			defaultConfigurationName = Release;
		};
		324A3A792B564E2F0026BB79 /* Build configuration list for PBXNativeTarget "MISforEduUITests" */ = {
			isa = XCConfigurationList;
			buildConfigurations = (
				324A3A7A2B564E2F0026BB79 /* Debug */,
				324A3A7B2B564E2F0026BB79 /* Release */,
			);
			defaultConfigurationIsVisible = 0;
			defaultConfigurationName = Release;
		};
/* End XCConfigurationList section */
	};
	rootObject = 324A3A462B564E2D0026BB79 /* Project object */;
}
